# THIS IS AN AUTOGENERATED FILE. DO NOT EDIT THIS FILE DIRECTLY.
# yarn lockfile v1


js-rouge@^3.0.0:
  version "3.0.0"
  resolved "https://registry.yarnpkg.com/js-rouge/-/js-rouge-3.0.0.tgz#5b2983bd91d9af8b616459daf60380d498aa6118"
  integrity sha512-+rXcOCf53xU0uR8y75OQVHWWQaNFGWa+3g7OjnP9/Pau4EyZ56lpAO2GpVi4pjMkMmNKHwcxkiHNqCkMZK3T7A==
